{
    "_meta": {
        "hash": {
            "sha256": "dedaadfc30c4fa6f56bcbd4065432be083c30dab7819dd74c2ebec721c39303f"
        },
        "pipfile-spec": 6,
        "requires": {
            "python_version": "3.8"
        },
        "sources": [
            {
                "name": "pypi",
                "url": "https://pypi.org/simple",
                "verify_ssl": true
            }
        ]
    },
    "default": {
        "gevent": {
            "hashes": [
                "sha256:018f93de7d5318d2fb440f846839a4464738468c3476d5c9cf7da45bb71c18bd",
                "sha256:0d581f22a5be6281b11ad6309b38b18f0638cf896931223cbaa5adb904826ef6",
                "sha256:1472012493ca1fac103f700d309cb6ef7964dcdb9c788d1768266e77712f5e49",
                "sha256:172caa66273315f283e90a315921902cb6549762bdcb0587fd60cb712a9d6263",
                "sha256:17b68f4c9e20e47ad49fe797f37f91d5bbeace8765ce2707f979a8d4ec197e4d",
                "sha256:1ca01da176ee37b3527a2702f7d40dbc9ffb8cfc7be5a03bfa4f9eec45e55c46",
                "sha256:1d543c9407a1e4bca11a8932916988cfb16de00366de5bf7bc9e7a3f61e60b18",
                "sha256:1e1286a76f15b5e15f1e898731d50529e249529095a032453f2c101af3fde71c",
                "sha256:1e955238f59b2947631c9782a713280dd75884e40e455313b5b6bbc20b92ff73",
                "sha256:1f001cac0ba8da76abfeb392a3057f81fab3d67cc916c7df8ea977a44a2cc989",
                "sha256:1ff3796692dff50fec2f381b9152438b221335f557c4f9b811f7ded51b7a25a1",
                "sha256:2929377c8ebfb6f4d868d161cd8de2ea6b9f6c7a5fcd4f78bcd537319c16190b",
                "sha256:319d8b1699b7b8134de66d656cd739b308ab9c45ace14d60ae44de7775b456c9",
                "sha256:323b207b281ba0405fea042067fa1a61662e5ac0d574ede4ebbda03efd20c350",
                "sha256:3b7eae8a0653ba95a224faaddf629a913ace408edb67384d3117acf42d7dcf89",
                "sha256:4114f0f439f0b547bb6f1d474fee99ddb46736944ad2207cef3771828f6aa358",
                "sha256:4197d423e198265eef39a0dea286ef389da9148e070310f34455ecee8172c391",
                "sha256:494c7f29e94df9a1c3157d67bb7edfa32a46eed786e04d9ee68d39f375e30001",
                "sha256:4e2f008c82dc54ec94f4de12ca6feea60e419babb48ec145456907ae61625aa4",
                "sha256:53ee7f170ed42c7561fe8aff5d381dc9a4124694e70580d0c02fba6aafc0ea37",
                "sha256:54f4bfd74c178351a4a05c5c7df6f8a0a279ff6f392b57608ce0e83c768207f9",
                "sha256:58898dbabb5b11e4d0192aae165ad286dc6742c543e1be9d30dc82753547c508",
                "sha256:59b47e81b399d49a5622f0f503c59f1ce57b7705306ea0196818951dfc2f36c8",
                "sha256:5aa99e4882a9e909b4756ee799c6fa0f79eb0542779fad4cc60efa23ec1b2aa8",
                "sha256:6c04ee32c11e9fcee47c1b431834878dc987a7a2cc4fe126ddcae3bad723ce89",
                "sha256:84c517e33ed604fa06b7d756dc0171169cc12f7fdd68eb7b17708a62eebf4516",
                "sha256:8729129edef2637a8084258cb9ec4e4d5ca45d97ac77aa7a6ff19ccb530ab731",
                "sha256:877abdb3a669576b1d51ce6a49b7260b2a96f6b2424eb93287e779a3219d20ba",
                "sha256:8c192d2073e558e241f0b592c1e2b34127a4481a5be240cad4796533b88b1a98",
                "sha256:8f2477e7b0a903a01485c55bacf2089110e5f767014967ba4b287ff390ae2638",
                "sha256:96c56c280e3c43cfd075efd10b250350ed5ffd3c1514ec99a080b1b92d7c8374",
                "sha256:97cd42382421779f5d82ec5007199e8a84aa288114975429e4fd0a98f2290f10",
                "sha256:98bc510e80f45486ef5b806a1c305e0e89f0430688c14984b0dbdec03331f48b",
                "sha256:990d7069f14dc40674e0d5cb43c68fd3bad8337048613b9bb94a0c4180ffc176",
                "sha256:9d85574eb729f981fea9a78998725a06292d90a3ed50ddca74530c3148c0be41",
                "sha256:a2237451c721a0f874ef89dbb4af4fdc172b76a964befaa69deb15b8fff10f49",
                "sha256:a47a4e77e2bc668856aad92a0b8de7ee10768258d93cd03968e6c7ba2e832f76",
                "sha256:a5488eba6a568b4d23c072113da4fc0feb1b5f5ede7381656dc913e0d82204e2",
                "sha256:ae90226074a6089371a95f20288431cd4b3f6b0b096856afd862e4ac9510cddd",
                "sha256:b43d500d7d3c0e03070dee813335bb5315215aa1cf6a04c61093dfdd718640b3",
                "sha256:b6c144e08dfad4106effc043a026e5d0c0eff6ad031904c70bf5090c63f3a6a7",
                "sha256:d21ad79cca234cdbfa249e727500b0ddcbc7adfff6614a96e6eaa49faca3e4f2",
                "sha256:d82081656a5b9a94d37c718c8646c757e1617e389cdc533ea5e6a6f0b8b78545",
                "sha256:da4183f0b9d9a1e25e1758099220d32c51cc2c6340ee0dea3fd236b2b37598e4",
                "sha256:db562a8519838bddad0c439a2b12246bab539dd50e299ea7ff3644274a33b6a5",
                "sha256:ddaa3e310a8f1a45b5c42cf50b54c31003a3028e7d4e085059090ea0e7a5fddd",
                "sha256:ed7f16613eebf892a6a744d7a4a8f345bc6f066a0ff3b413e2479f9c0a180193",
                "sha256:efc003b6c1481165af61f0aeac248e0a9ac8d880bb3acbe469b448674b2d5281",
                "sha256:f01c9adbcb605364694b11dcd0542ec468a29ac7aba2fb5665dc6caf17ba4d7e",
                "sha256:f23d0997149a816a2a9045af29c66f67f405a221745b34cefeac5769ed451db8",
                "sha256:f3329bedbba4d3146ae58c667e0f9ac1e6f1e1e6340c7593976cdc60aa7d1a47",
                "sha256:f7ed2346eb9dc4344f9cb0d7963ce5b74fe16fdd031a2809bb6c2b6eba7ebcd5"
            ],
            "markers": "python_version >= '2.7' and python_version not in '3.0, 3.1, 3.2, 3.3, 3.4, 3.5'",
            "version": "==22.10.2"
        },
        "greenlet": {
            "hashes": [
                "sha256:03a8f4f3430c3b3ff8d10a2a86028c660355ab637cee9333d63d66b56f09d52a",
                "sha256:0bf60faf0bc2468089bdc5edd10555bab6e85152191df713e2ab1fcc86382b5a",
                "sha256:18a7f18b82b52ee85322d7a7874e676f34ab319b9f8cce5de06067384aa8ff43",
                "sha256:18e98fb3de7dba1c0a852731c3070cf022d14f0d68b4c87a19cc1016f3bb8b33",
                "sha256:1a819eef4b0e0b96bb0d98d797bef17dc1b4a10e8d7446be32d1da33e095dbb8",
                "sha256:26fbfce90728d82bc9e6c38ea4d038cba20b7faf8a0ca53a9c07b67318d46088",
                "sha256:2780572ec463d44c1d3ae850239508dbeb9fed38e294c68d19a24d925d9223ca",
                "sha256:283737e0da3f08bd637b5ad058507e578dd462db259f7f6e4c5c365ba4ee9343",
                "sha256:2d4686f195e32d36b4d7cf2d166857dbd0ee9f3d20ae349b6bf8afc8485b3645",
                "sha256:2dd11f291565a81d71dab10b7033395b7a3a5456e637cf997a6f33ebdf06f8db",
                "sha256:30bcf80dda7f15ac77ba5af2b961bdd9dbc77fd4ac6105cee85b0d0a5fcf74df",
                "sha256:32e5b64b148966d9cccc2c8d35a671409e45f195864560829f395a54226408d3",
                "sha256:36abbf031e1c0f79dd5d596bfaf8e921c41df2bdf54ee1eed921ce1f52999a86",
                "sha256:3a06ad5312349fec0ab944664b01d26f8d1f05009566339ac6f63f56589bc1a2",
                "sha256:3a51c9751078733d88e013587b108f1b7a1fb106d402fb390740f002b6f6551a",
                "sha256:3c9b12575734155d0c09d6c3e10dbd81665d5c18e1a7c6597df72fd05990c8cf",
                "sha256:3f6ea9bd35eb450837a3d80e77b517ea5bc56b4647f5502cd28de13675ee12f7",
                "sha256:4b58adb399c4d61d912c4c331984d60eb66565175cdf4a34792cd9600f21b394",
                "sha256:4d2e11331fc0c02b6e84b0d28ece3a36e0548ee1a1ce9ddde03752d9b79bba40",
                "sha256:5454276c07d27a740c5892f4907c86327b632127dd9abec42ee62e12427ff7e3",
                "sha256:561091a7be172ab497a3527602d467e2b3fbe75f9e783d8b8ce403fa414f71a6",
                "sha256:6c3acb79b0bfd4fe733dff8bc62695283b57949ebcca05ae5c129eb606ff2d74",
                "sha256:703f18f3fda276b9a916f0934d2fb6d989bf0b4fb5a64825260eb9bfd52d78f0",
                "sha256:7492e2b7bd7c9b9916388d9df23fa49d9b88ac0640db0a5b4ecc2b653bf451e3",
                "sha256:76ae285c8104046b3a7f06b42f29c7b73f77683df18c49ab5af7983994c2dd91",
                "sha256:7cafd1208fdbe93b67c7086876f061f660cfddc44f404279c1585bbf3cdc64c5",
                "sha256:7efde645ca1cc441d6dc4b48c0f7101e8d86b54c8530141b09fd31cef5149ec9",
                "sha256:88d9ab96491d38a5ab7c56dd7a3cc37d83336ecc564e4e8816dbed12e5aaefc8",
                "sha256:8eab883b3b2a38cc1e050819ef06a7e6344d4a990d24d45bc6f2cf959045a45b",
                "sha256:910841381caba4f744a44bf81bfd573c94e10b3045ee00de0cbf436fe50673a6",
                "sha256:9190f09060ea4debddd24665d6804b995a9c122ef5917ab26e1566dcc712ceeb",
                "sha256:937e9020b514ceedb9c830c55d5c9872abc90f4b5862f89c0887033ae33c6f73",
                "sha256:94c817e84245513926588caf1152e3b559ff794d505555211ca041f032abbb6b",
                "sha256:971ce5e14dc5e73715755d0ca2975ac88cfdaefcaab078a284fea6cfabf866df",
                "sha256:9d14b83fab60d5e8abe587d51c75b252bcc21683f24699ada8fb275d7712f5a9",
                "sha256:9f35ec95538f50292f6d8f2c9c9f8a3c6540bbfec21c9e5b4b751e0a7c20864f",
                "sha256:a1846f1b999e78e13837c93c778dcfc3365902cfb8d1bdb7dd73ead37059f0d0",
                "sha256:acd2162a36d3de67ee896c43effcd5ee3de247eb00354db411feb025aa319857",
                "sha256:b0ef99cdbe2b682b9ccbb964743a6aca37905fda5e0452e5ee239b1654d37f2a",
                "sha256:b80f600eddddce72320dbbc8e3784d16bd3fb7b517e82476d8da921f27d4b249",
                "sha256:b864ba53912b6c3ab6bcb2beb19f19edd01a6bfcbdfe1f37ddd1778abfe75a30",
                "sha256:b9ec052b06a0524f0e35bd8790686a1da006bd911dd1ef7d50b77bfbad74e292",
                "sha256:ba2956617f1c42598a308a84c6cf021a90ff3862eddafd20c3333d50f0edb45b",
                "sha256:bdfea8c661e80d3c1c99ad7c3ff74e6e87184895bbaca6ee8cc61209f8b9b85d",
                "sha256:be4ed120b52ae4d974aa40215fcdfde9194d63541c7ded40ee12eb4dda57b76b",
                "sha256:c4302695ad8027363e96311df24ee28978162cdcdd2006476c43970b384a244c",
                "sha256:c48f54ef8e05f04d6eff74b8233f6063cb1ed960243eacc474ee73a2ea8573ca",
                "sha256:c9c59a2120b55788e800d82dfa99b9e156ff8f2227f07c5e3012a45a399620b7",
                "sha256:cd021c754b162c0fb55ad5d6b9d960db667faad0fa2ff25bb6e1301b0b6e6a75",
                "sha256:d27ec7509b9c18b6d73f2f5ede2622441de812e7b1a80bbd446cb0633bd3d5ae",
                "sha256:d5508f0b173e6aa47273bdc0a0b5ba055b59662ba7c7ee5119528f466585526b",
                "sha256:d75209eed723105f9596807495d58d10b3470fa6732dd6756595e89925ce2470",
                "sha256:db1a39669102a1d8d12b57de2bb7e2ec9066a6f2b3da35ae511ff93b01b5d564",
                "sha256:dbfcfc0218093a19c252ca8eb9aee3d29cfdcb586df21049b9d777fd32c14fd9",
                "sha256:e0f72c9ddb8cd28532185f54cc1453f2c16fb417a08b53a855c4e6a418edd099",
                "sha256:e7c8dc13af7db097bed64a051d2dd49e9f0af495c26995c00a9ee842690d34c0",
                "sha256:ea9872c80c132f4663822dd2a08d404073a5a9b5ba6155bea72fb2a79d1093b5",
                "sha256:eff4eb9b7eb3e4d0cae3d28c283dc16d9bed6b193c2e1ace3ed86ce48ea8df19",
                "sha256:f82d4d717d8ef19188687aa32b8363e96062911e63ba22a0cff7802a8e58e5f1",
                "sha256:fc3a569657468b6f3fb60587e48356fe512c1754ca05a564f11366ac9e306526"
            ],
            "markers": "platform_python_implementation == 'CPython'",
            "version": "==2.0.2"
        },
        "parallel-ssh": {
            "hashes": [
                "sha256:49979a0c6244a8bbd05cfba7d8666e719ad5b539b9e34a45a6df2c6f075f7295",
                "sha256:be2c06ee8765273d204e00f82afae2dace5eebaefc5343d1dfc64513642161e0"
            ],
            "index": "pypi",
            "version": "==2.12.0"
        },
        "setuptools": {
            "hashes": [
                "sha256:5df61bf30bb10c6f756eb19e7c9f3b473051f48db77fddbe06ff2ca307df9a6f",
                "sha256:62642358adc77ffa87233bc4d2354c4b2682d214048f500964dbe760ccedf102"
            ],
            "markers": "python_version >= '3.7'",
            "version": "==67.8.0"
        },
        "ssh-python": {
            "hashes": [
                "sha256:1abed03383d3c40e3a3687dfade03b881b055f29baeb3d3a4d60eb80580b01a8",
                "sha256:2566ffb2725a05e0b650ccf63b5d4f46fd5e47328d22d65f8111183e7dc4a62d",
                "sha256:26380e2f06ea8b4f79c6ada4b2016079c0f6d47752785dd129c914f9aeda23f4",
                "sha256:3259ce8cf7b2169abdaab117db466c06c6185db1a65b8e97fa5e475f1ec399fb",
                "sha256:364d3b075001d9a1e7d83a545e43cb28420171ddd779a286d4e267e52b9df2b7",
                "sha256:3af87fd53e314cef8cc65f00cd69a2b1aca84863028b161721800bb7e89526f2",
                "sha256:3d176c778f02b3066c608c119e94d5b8c3d0d211e83b363bee0bd0d78e0eaa56",
                "sha256:422140695d14796e9eb6f608365c37d5b780092ca6dbfedde9e6ffd15722f2b0",
                "sha256:43da4a16e88dccd54db4e2dac50e09ae424811a7d973a1a1f1c081ebec2a52bb",
                "sha256:54731a4c3c06968ff41fd72a62ac40c1aa163d4fb51c82a4367e74398c9968ae",
                "sha256:58f2fe1899add41d3954ae655caf09119491a468cc93b4575b199f29ecb4c49f",
                "sha256:5b695ff0561f16746b0d47f4a51cca205088a06a06c6d0ab29127b6f21bdf286",
                "sha256:6190ae4afedf0c35f84a1a5cd52c2b68935cd5c4b1330b491ca381006fa8fae6",
                "sha256:68bee3f5a657e657d6dcc94e1b6c9ec332fd5d59bf4976a54150b997a800bf68",
                "sha256:6cb934aaa0d8a89ecdc4d37f06d009a7bad50eea18fa3e9763193e85633669be",
                "sha256:6e36540aba6f3a7bc18cdb8321808f9b7ea3d551fad53069b0806189c9eab989",
                "sha256:82f77cd5d9ddedcc312c37a2848b9d76a0a6162c81f52a8051cc18b644b18b4f",
                "sha256:8e438710ffbf34f800e2c051091da478191c02a429abd49f565f82a0b149d01f",
                "sha256:92b95293395924953f537b732a3d8fa1aba7ddb26b2137be80f53111852fa289",
                "sha256:a50af7f32517cd4067b3e68b723ec5c4efbbde2fb92263cbf11d7da5eacd65b4",
                "sha256:a6ee326dc3767f28f58691d92ad4543ac8a2ebbac51aa49d6f6f448593cb6bf7",
                "sha256:ab7e01059b5a40c3de08a094b51a57ee23b41b1b0c52dc8f4a07e1524932778d",
                "sha256:b1bfa28c5b159ab804bc5b496819e5af8ebb7e5f6b442e8a87136296cebb172c",
                "sha256:c3d0fca290cb88d73c12d7fad162ad36d79beb32b4fb3e39de87cd37330404f5",
                "sha256:c51998b2ea7de00ef5ff557893df28d8b07c4392a31bccbb60e1142451b949df",
                "sha256:c56298bc06afa7986f76b1a5add539f462bc040c9c8bd9df1308a5b7b62af090",
                "sha256:c5985e71fee63d34ae15eb660cdf21c3ed4f712b2326c48d10be3c5a2bd1fa51",
                "sha256:c755afbe8ce3e926c80d8301f7bf6941781a2a1d497d3cb2692ea73bdf064f97",
                "sha256:c83f5f7f3ded106d1088f33bc8aba03ae60126baa767d91a9bb9dc0372d73bda",
                "sha256:cd56baaef157052755cfdbef718911a062e008cc59b267deb89952b269313995",
                "sha256:d8e386c137414d7ef3bbac939be37f5e2bd11d1f83c78274c1e68efe184bc5d2",
                "sha256:d8ebd8ebfad53f47c938634645c8b4b5870e444e190de90a0d5ceb5422a48fe1",
                "sha256:e73f5ea92e82c2a928ef9d01dee8e684713e1b08a97f9c7d583b34a4720658cb",
                "sha256:f44c1509fa26ad699de921e53347a86cef18796b5c8582d9a2cdd3e21cbd667a"
            ],
            "version": "==1.0.0"
        },
        "ssh2-python": {
            "hashes": [
                "sha256:016c2fb027bb8a1720b71cf144c423f8d1acfdfef4238ada47c8452c7c5273fd",
                "sha256:03ca21a64c1aa77763691de70ed29143b457fafc323a108bfeb4d249e1cca84f",
                "sha256:092c7f63c7ab8291748c7af8eb7809c81c53a761e9f4a8eecfc8705c92c636cb",
                "sha256:0f80a96dbffb34f09d84532178d7d24e404b0b313c76037a8b87187990ddddbd",
                "sha256:114b27c130144f6fad0fbc5d35e71d0a841059efd3f868b86b5443de89b208af",
                "sha256:161eebd09258fe7fe47652561cefca9116c0df3b1128e1514d10d3d97e4f1521",
                "sha256:190b1c1389206aed43b40a1351732c1d854578480a566d5f6b899587ff989c74",
                "sha256:1c3c2910976da579c337dbd2134601d462b7bd861772dcb6e6dbb298749d1fd9",
                "sha256:2593b1659f8551a06730579ad70390939f50094b71dc8acd9b86cba0d95ab5c0",
                "sha256:3270c77d24a35b1b52c312c42f14f0c27b013ab00cb8fdb67d4eb55e999b715a",
                "sha256:3771b58ae9944aff2aa86aadadc4f2dea174e3a30c8503bed022587bedd7e1c5",
                "sha256:489ae221149a1049bdda48f12bb99e20d51769ac67f7f0c65468f298f81c10c0",
                "sha256:50c1e9cdcf416e72934bf2af8faf977ea3836c98e248d4966606410b2a71f5de",
                "sha256:5fca1744fe977eec920d7fdfeb1a79dd3fe4747f9455fb0e76aaa02b2e2dee7a",
                "sha256:631375d2338aa373b9d2f2fe2af7ffc7c552845661a2c7456757b4c39c9ae15b",
                "sha256:6d52034fdb35872fb7082d0a325cb90e0dca41050bc1d7f65cf90b951d5f7caa",
                "sha256:6f288aef1ab4d1e8bbc8a38bcebc1b21849fa8448fb68e851b9ff136eab46da6",
                "sha256:743df09165bbfcf754c6faf8a5feba414605ed73a6eee79e323d525c60f0cb41",
                "sha256:8582b2965116435c35f9f2f3da4297eae8a5daea0fcebfdfd9388a9dfc5cd922",
                "sha256:93d9d7c48f7b729e9e0250b09dff5e712aab7df10718764f6ec00f88521b8a12",
                "sha256:99ee7e9aaaba60fc91ecb21d6233272bfa8acb7aec28b599eee9f374327e5f9c",
                "sha256:9b304bcda607935375eeb5caa8f798021174893de7ea1b72416ad28709793695",
                "sha256:aca4967a67a8fe4a4cabdac710065cca426e8200e5d426f6daae4c6a3a7e1921",
                "sha256:af89e80c3203e7829b24eea688eaf5c5e279071aed1882238b4f44ec2144e7c5",
                "sha256:b139b8b47e230750b5b3b2f9977a7af996e614e334565bce5bf70e018d6536c7",
                "sha256:b315b754392e3b3c3ac546f4d35acdedb174d104212242a6f4778695beda9bb7",
                "sha256:c5635f196a96bbe6d12b6cdb2f9d5fd464a0e82edca58f56391cc25aa61a4379",
                "sha256:c9abd88161ce5e40f08a3b0af2173acafc7b19dd3dd140ccbd7c0b40094e558f",
                "sha256:d1ba1b05256277c78f4d4e158c4b024427bda94761426b9b37e77a551cc85158",
                "sha256:dbbdaaedc094364ee5027942bc40d68d1c5f9da7ec4cccb615036309b980bd8b",
                "sha256:dc837e44189c9092af9af5ff25138a8efd05ad6fb10623c49039aa8f2f6ce03e",
                "sha256:ddcba606818f28719d25c4a14789cc9b88714385e26e52d45ce967068ed7ad83",
                "sha256:fc8f46d0d883d77462122a4cdb1dcff9a890923bd3525f061a2eb3563c7c5612"
            ],
            "version": "==1.0.0"
        },
        "zope.event": {
            "hashes": [
                "sha256:73d9e3ef750cca14816a9c322c7250b0d7c9dbc337df5d1b807ff8d3d0b9e97c",
                "sha256:81d98813046fc86cc4136e3698fee628a3282f9c320db18658c21749235fce80"
            ],
            "version": "==4.6"
        },
        "zope.interface": {
            "hashes": [
                "sha256:042f2381118b093714081fd82c98e3b189b68db38ee7d35b63c327c470ef8373",
                "sha256:0ec9653825f837fbddc4e4b603d90269b501486c11800d7c761eee7ce46d1bbb",
                "sha256:12175ca6b4db7621aedd7c30aa7cfa0a2d65ea3a0105393e05482d7a2d367446",
                "sha256:1592f68ae11e557b9ff2bc96ac8fc30b187e77c45a3c9cd876e3368c53dc5ba8",
                "sha256:23ac41d52fd15dd8be77e3257bc51bbb82469cf7f5e9a30b75e903e21439d16c",
                "sha256:424d23b97fa1542d7be882eae0c0fc3d6827784105264a8169a26ce16db260d8",
                "sha256:4407b1435572e3e1610797c9203ad2753666c62883b921318c5403fb7139dec2",
                "sha256:48f4d38cf4b462e75fac78b6f11ad47b06b1c568eb59896db5b6ec1094eb467f",
                "sha256:4c3d7dfd897a588ec27e391edbe3dd320a03684457470415870254e714126b1f",
                "sha256:5171eb073474a5038321409a630904fd61f12dd1856dd7e9d19cd6fe092cbbc5",
                "sha256:5a158846d0fca0a908c1afb281ddba88744d403f2550dc34405c3691769cdd85",
                "sha256:6ee934f023f875ec2cfd2b05a937bd817efcc6c4c3f55c5778cbf78e58362ddc",
                "sha256:790c1d9d8f9c92819c31ea660cd43c3d5451df1df61e2e814a6f99cebb292788",
                "sha256:809fe3bf1a91393abc7e92d607976bbb8586512913a79f2bf7d7ec15bd8ea518",
                "sha256:87b690bbee9876163210fd3f500ee59f5803e4a6607d1b1238833b8885ebd410",
                "sha256:89086c9d3490a0f265a3c4b794037a84541ff5ffa28bb9c24cc9f66566968464",
                "sha256:99856d6c98a326abbcc2363827e16bd6044f70f2ef42f453c0bd5440c4ce24e5",
                "sha256:aab584725afd10c710b8f1e6e208dbee2d0ad009f57d674cb9d1b3964037275d",
                "sha256:af169ba897692e9cd984a81cb0f02e46dacdc07d6cf9fd5c91e81f8efaf93d52",
                "sha256:b39b8711578dcfd45fc0140993403b8a81e879ec25d53189f3faa1f006087dca",
                "sha256:b3f543ae9d3408549a9900720f18c0194ac0fe810cecda2a584fd4dca2eb3bb8",
                "sha256:d0583b75f2e70ec93f100931660328965bb9ff65ae54695fb3fa0a1255daa6f2",
                "sha256:dfbbbf0809a3606046a41f8561c3eada9db811be94138f42d9135a5c47e75f6f",
                "sha256:e538f2d4a6ffb6edfb303ce70ae7e88629ac6e5581870e66c306d9ad7b564a58",
                "sha256:eba51599370c87088d8882ab74f637de0c4f04a6d08a312dce49368ba9ed5c2a",
                "sha256:ee4b43f35f5dc15e1fec55ccb53c130adb1d11e8ad8263d68b1284b66a04190d",
                "sha256:f2363e5fd81afb650085c6686f2ee3706975c54f331b426800b53531191fdf28",
                "sha256:f299c020c6679cb389814a3b81200fe55d428012c5e76da7e722491f5d205990",
                "sha256:f72f23bab1848edb7472309e9898603141644faec9fd57a823ea6b4d1c4c8995",
                "sha256:fa90bac61c9dc3e1a563e5babb3fd2c0c1c80567e815442ddbe561eadc803b30"
            ],
            "markers": "python_version >= '3.7'",
            "version": "==6.0"
        }
    },
    "develop": {
        "black": {
            "hashes": [
                "sha256:074458dc2f6e0d3dab7928d4417bb6957bb834434516f21514138437accdbe90",
                "sha256:187d96c5e713f441a5829e77120c269b6514418f4513a390b0499b0987f2ff1c",
                "sha256:2ea29072e954a4d55a2ff58971b83365eba5d3d357352a07a7a4df0d95f51c78",
                "sha256:4af5bc0e1f96be5ae9bd7aaec219c901a94d6caa2484c21983d043371c733fc4",
                "sha256:560558527e52ce8afba936fcce93a7411ab40c7d5fe8c2463e279e843c0328ee",
                "sha256:568ac3c465b1c8b34b61cd7a4e349e93f91abf0f9371eda1cf87194663ab684e",
                "sha256:6797f58943fceb1c461fb572edbe828d811e719c24e03375fd25170ada53825e",
                "sha256:6c1734ab264b8f7929cef8ae5f900b85d579e6cbfde09d7387da8f04771b51c6",
                "sha256:6c6d39e28aed379aec40da1c65434c77d75e65bb59a1e1c283de545fb4e7c6c9",
                "sha256:7ba9be198ecca5031cd78745780d65a3f75a34b2ff9be5837045dce55db83d1c",
                "sha256:94783f636bca89f11eb5d50437e8e17fbc6a929a628d82304c80fa9cd945f256",
                "sha256:a218d7e5856f91d20f04e931b6f16d15356db1c846ee55f01bac297a705ca24f",
                "sha256:a3db5b6409b96d9bd543323b23ef32a1a2b06416d525d27e0f67e74f1446c8f2",
                "sha256:ac609cf8ef5e7115ddd07d85d988d074ed00e10fbc3445aee393e70164a2219c",
                "sha256:b154e6bbde1e79ea3260c4b40c0b7b3109ffcdf7bc4ebf8859169a6af72cd70b",
                "sha256:b270a168d69edb8b7ed32c193ef10fd27844e5c60852039599f9184460ce0807",
                "sha256:b9fd45787ba8aa3f5e0a0a98920c1012c884622c6c920dbe98dbd05bc7c70fbf",
                "sha256:c85928b9d5f83b23cee7d0efcb310172412fbf7cb9d9ce963bd67fd141781def",
                "sha256:c9a3ac16efe9ec7d7381ddebcc022119794872abce99475345c5a61aa18c45ad",
                "sha256:cfaf3895a9634e882bf9d2363fed5af8888802d670f58b279b0bece00e9a872d",
                "sha256:e439798f819d49ba1c0bd9664427a05aab79bfba777a6db94fd4e56fae0cb849",
                "sha256:f586c26118bc6e714ec58c09df0157fe2d9ee195c764f630eb0d8e7ccce72e69",
                "sha256:f6fe02afde060bbeef044af7996f335fbe90b039ccf3f5eb8f16df8b20f77666"
            ],
            "index": "pypi",
            "version": "==22.6.0"
        },
        "click": {
            "hashes": [
                "sha256:7682dc8afb30297001674575ea00d1814d808d6a36af415a82bd481d37ba7b8e",
                "sha256:bb4d8133cb15a609f44e8213d9b391b0809795062913b383c62be0ee95b1db48"
            ],
            "markers": "python_version >= '3.7'",
            "version": "==8.1.3"
        },
        "coverage": {
            "extras": [
                "toml"
            ],
            "hashes": [
                "sha256:06a9a2be0b5b576c3f18f1a241f0473575c4a26021b52b2a85263a00f034d51f",
                "sha256:06fb182e69f33f6cd1d39a6c597294cff3143554b64b9825d1dc69d18cc2fff2",
                "sha256:0a5f9e1dbd7fbe30196578ca36f3fba75376fb99888c395c5880b355e2875f8a",
                "sha256:0e1f928eaf5469c11e886fe0885ad2bf1ec606434e79842a879277895a50942a",
                "sha256:171717c7cb6b453aebac9a2ef603699da237f341b38eebfee9be75d27dc38e01",
                "sha256:1e9d683426464e4a252bf70c3498756055016f99ddaec3774bf368e76bbe02b6",
                "sha256:201e7389591af40950a6480bd9edfa8ed04346ff80002cec1a66cac4549c1ad7",
                "sha256:245167dd26180ab4c91d5e1496a30be4cd721a5cf2abf52974f965f10f11419f",
                "sha256:2aee274c46590717f38ae5e4650988d1af340fe06167546cc32fe2f58ed05b02",
                "sha256:2e07b54284e381531c87f785f613b833569c14ecacdcb85d56b25c4622c16c3c",
                "sha256:31563e97dae5598556600466ad9beea39fb04e0229e61c12eaa206e0aa202063",
                "sha256:33d6d3ea29d5b3a1a632b3c4e4f4ecae24ef170b0b9ee493883f2df10039959a",
                "sha256:3d376df58cc111dc8e21e3b6e24606b5bb5dee6024f46a5abca99124b2229ef5",
                "sha256:419bfd2caae268623dd469eff96d510a920c90928b60f2073d79f8fe2bbc5959",
                "sha256:48c19d2159d433ccc99e729ceae7d5293fbffa0bdb94952d3579983d1c8c9d97",
                "sha256:49969a9f7ffa086d973d91cec8d2e31080436ef0fb4a359cae927e742abfaaa6",
                "sha256:52edc1a60c0d34afa421c9c37078817b2e67a392cab17d97283b64c5833f427f",
                "sha256:537891ae8ce59ef63d0123f7ac9e2ae0fc8b72c7ccbe5296fec45fd68967b6c9",
                "sha256:54b896376ab563bd38453cecb813c295cf347cf5906e8b41d340b0321a5433e5",
                "sha256:58c2ccc2f00ecb51253cbe5d8d7122a34590fac9646a960d1430d5b15321d95f",
                "sha256:5b7540161790b2f28143191f5f8ec02fb132660ff175b7747b95dcb77ac26562",
                "sha256:5baa06420f837184130752b7c5ea0808762083bf3487b5038d68b012e5937dbe",
                "sha256:5e330fc79bd7207e46c7d7fd2bb4af2963f5f635703925543a70b99574b0fea9",
                "sha256:61b9a528fb348373c433e8966535074b802c7a5d7f23c4f421e6c6e2f1697a6f",
                "sha256:63426706118b7f5cf6bb6c895dc215d8a418d5952544042c8a2d9fe87fcf09cb",
                "sha256:6d040ef7c9859bb11dfeb056ff5b3872436e3b5e401817d87a31e1750b9ae2fb",
                "sha256:6f48351d66575f535669306aa7d6d6f71bc43372473b54a832222803eb956fd1",
                "sha256:7ee7d9d4822c8acc74a5e26c50604dff824710bc8de424904c0982e25c39c6cb",
                "sha256:81c13a1fc7468c40f13420732805a4c38a105d89848b7c10af65a90beff25250",
                "sha256:8d13c64ee2d33eccf7437961b6ea7ad8673e2be040b4f7fd4fd4d4d28d9ccb1e",
                "sha256:8de8bb0e5ad103888d65abef8bca41ab93721647590a3f740100cd65c3b00511",
                "sha256:8fa03bce9bfbeeef9f3b160a8bed39a221d82308b4152b27d82d8daa7041fee5",
                "sha256:924d94291ca674905fe9481f12294eb11f2d3d3fd1adb20314ba89e94f44ed59",
                "sha256:975d70ab7e3c80a3fe86001d8751f6778905ec723f5b110aed1e450da9d4b7f2",
                "sha256:976b9c42fb2a43ebf304fa7d4a310e5f16cc99992f33eced91ef6f908bd8f33d",
                "sha256:9e31cb64d7de6b6f09702bb27c02d1904b3aebfca610c12772452c4e6c21a0d3",
                "sha256:a342242fe22407f3c17f4b499276a02b01e80f861f1682ad1d95b04018e0c0d4",
                "sha256:a3d33a6b3eae87ceaefa91ffdc130b5e8536182cd6dfdbfc1aa56b46ff8c86de",
                "sha256:a895fcc7b15c3fc72beb43cdcbdf0ddb7d2ebc959edac9cef390b0d14f39f8a9",
                "sha256:afb17f84d56068a7c29f5fa37bfd38d5aba69e3304af08ee94da8ed5b0865833",
                "sha256:b1c546aca0ca4d028901d825015dc8e4d56aac4b541877690eb76490f1dc8ed0",
                "sha256:b29019c76039dc3c0fd815c41392a044ce555d9bcdd38b0fb60fb4cd8e475ba9",
                "sha256:b46517c02ccd08092f4fa99f24c3b83d8f92f739b4657b0f146246a0ca6a831d",
                "sha256:b7aa5f8a41217360e600da646004f878250a0d6738bcdc11a0a39928d7dc2050",
                "sha256:b7b4c971f05e6ae490fef852c218b0e79d4e52f79ef0c8475566584a8fb3e01d",
                "sha256:ba90a9563ba44a72fda2e85302c3abc71c5589cea608ca16c22b9804262aaeb6",
                "sha256:cb017fd1b2603ef59e374ba2063f593abe0fc45f2ad9abdde5b4d83bd922a353",
                "sha256:d22656368f0e6189e24722214ed8d66b8022db19d182927b9a248a2a8a2f67eb",
                "sha256:d2c2db7fd82e9b72937969bceac4d6ca89660db0a0967614ce2481e81a0b771e",
                "sha256:d39b5b4f2a66ccae8b7263ac3c8170994b65266797fb96cbbfd3fb5b23921db8",
                "sha256:d62a5c7dad11015c66fbb9d881bc4caa5b12f16292f857842d9d1871595f4495",
                "sha256:e7d9405291c6928619403db1d10bd07888888ec1abcbd9748fdaa971d7d661b2",
                "sha256:e84606b74eb7de6ff581a7915e2dab7a28a0517fbe1c9239eb227e1354064dcd",
                "sha256:eb393e5ebc85245347950143969b241d08b52b88a3dc39479822e073a1a8eb27",
                "sha256:ebba1cd308ef115925421d3e6a586e655ca5a77b5bf41e02eb0e4562a111f2d1",
                "sha256:ee57190f24fba796e36bb6d3aa8a8783c643d8fa9760c89f7a98ab5455fbf818",
                "sha256:f2f67fe12b22cd130d34d0ef79206061bfb5eda52feb6ce0dba0644e20a03cf4",
                "sha256:f6951407391b639504e3b3be51b7ba5f3528adbf1a8ac3302b687ecababf929e",
                "sha256:f75f7168ab25dd93110c8a8117a22450c19976afbc44234cbf71481094c1b850",
                "sha256:fdec9e8cbf13a5bf63290fc6013d216a4c7232efb51548594ca3631a7f13c3a3"
            ],
            "markers": "python_version >= '3.7'",
            "version": "==7.2.7"
        },
        "exceptiongroup": {
            "hashes": [
                "sha256:232c37c63e4f682982c8b6459f33a8981039e5fb8756b2074364e5055c498c9e",
                "sha256:d484c3090ba2889ae2928419117447a14daf3c1231d5e30d0aae34f354f01785"
            ],
            "markers": "python_version < '3.11'",
            "version": "==1.1.1"
        },
        "importlib-metadata": {
            "hashes": [
                "sha256:43dd286a2cd8995d5eaef7fee2066340423b818ed3fd70adf0bad5f1fac53fed",
                "sha256:92501cdf9cc66ebd3e612f1b4f0c0765dfa42f0fa38ffb319b6bd84dd675d705"
            ],
            "markers": "python_version < '3.10'",
            "version": "==6.6.0"
        },
        "iniconfig": {
            "hashes": [
                "sha256:2d91e135bf72d31a410b17c16da610a82cb55f6b0477d1a902134b24a455b8b3",
                "sha256:b6a85871a79d2e3b22d2d1b94ac2824226a63c6b741c88f7ae975f18b6778374"
            ],
            "markers": "python_version >= '3.7'",
            "version": "==2.0.0"
        },
        "mako": {
            "hashes": [
                "sha256:c97c79c018b9165ac9922ae4f32da095ffd3c4e6872b45eded42926deea46818",
                "sha256:d60a3903dc3bb01a18ad6a89cdbe2e4eadc69c0bc8ef1e3773ba53d44c3f7a34"
            ],
            "markers": "python_version >= '3.7'",
            "version": "==1.2.4"
        },
        "markdown": {
            "hashes": [
                "sha256:065fd4df22da73a625f14890dd77eb8040edcbd68794bcd35943be14490608b2",
                "sha256:8bf101198e004dc93e84a12a7395e31aac6a9c9942848ae1d99b9d72cf9b3520"
            ],
            "markers": "python_version >= '3.7'",
            "version": "==3.4.3"
        },
        "markupsafe": {
            "hashes": [
                "sha256:0576fe974b40a400449768941d5d0858cc624e3249dfd1e0c33674e5c7ca7aed",
                "sha256:085fd3201e7b12809f9e6e9bc1e5c96a368c8523fad5afb02afe3c051ae4afcc",
                "sha256:090376d812fb6ac5f171e5938e82e7f2d7adc2b629101cec0db8b267815c85e2",
                "sha256:0b462104ba25f1ac006fdab8b6a01ebbfbce9ed37fd37fd4acd70c67c973e460",
                "sha256:137678c63c977754abe9086a3ec011e8fd985ab90631145dfb9294ad09c102a7",
                "sha256:1bea30e9bf331f3fef67e0a3877b2288593c98a21ccb2cf29b74c581a4eb3af0",
                "sha256:22152d00bf4a9c7c83960521fc558f55a1adbc0631fbb00a9471e097b19d72e1",
                "sha256:22731d79ed2eb25059ae3df1dfc9cb1546691cc41f4e3130fe6bfbc3ecbbecfa",
                "sha256:2298c859cfc5463f1b64bd55cb3e602528db6fa0f3cfd568d3605c50678f8f03",
                "sha256:28057e985dace2f478e042eaa15606c7efccb700797660629da387eb289b9323",
                "sha256:2e7821bffe00aa6bd07a23913b7f4e01328c3d5cc0b40b36c0bd81d362faeb65",
                "sha256:2ec4f2d48ae59bbb9d1f9d7efb9236ab81429a764dedca114f5fdabbc3788013",
                "sha256:340bea174e9761308703ae988e982005aedf427de816d1afe98147668cc03036",
                "sha256:40627dcf047dadb22cd25ea7ecfe9cbf3bbbad0482ee5920b582f3809c97654f",
                "sha256:40dfd3fefbef579ee058f139733ac336312663c6706d1163b82b3003fb1925c4",
                "sha256:4cf06cdc1dda95223e9d2d3c58d3b178aa5dacb35ee7e3bbac10e4e1faacb419",
                "sha256:50c42830a633fa0cf9e7d27664637532791bfc31c731a87b202d2d8ac40c3ea2",
                "sha256:55f44b440d491028addb3b88f72207d71eeebfb7b5dbf0643f7c023ae1fba619",
                "sha256:608e7073dfa9e38a85d38474c082d4281f4ce276ac0010224eaba11e929dd53a",
                "sha256:63ba06c9941e46fa389d389644e2d8225e0e3e5ebcc4ff1ea8506dce646f8c8a",
                "sha256:65608c35bfb8a76763f37036547f7adfd09270fbdbf96608be2bead319728fcd",
                "sha256:665a36ae6f8f20a4676b53224e33d456a6f5a72657d9c83c2aa00765072f31f7",
                "sha256:6d6607f98fcf17e534162f0709aaad3ab7a96032723d8ac8750ffe17ae5a0666",
                "sha256:7313ce6a199651c4ed9d7e4cfb4aa56fe923b1adf9af3b420ee14e6d9a73df65",
                "sha256:7668b52e102d0ed87cb082380a7e2e1e78737ddecdde129acadb0eccc5423859",
                "sha256:7df70907e00c970c60b9ef2938d894a9381f38e6b9db73c5be35e59d92e06625",
                "sha256:7e007132af78ea9df29495dbf7b5824cb71648d7133cf7848a2a5dd00d36f9ff",
                "sha256:835fb5e38fd89328e9c81067fd642b3593c33e1e17e2fdbf77f5676abb14a156",
                "sha256:8bca7e26c1dd751236cfb0c6c72d4ad61d986e9a41bbf76cb445f69488b2a2bd",
                "sha256:8db032bf0ce9022a8e41a22598eefc802314e81b879ae093f36ce9ddf39ab1ba",
                "sha256:99625a92da8229df6d44335e6fcc558a5037dd0a760e11d84be2260e6f37002f",
                "sha256:9cad97ab29dfc3f0249b483412c85c8ef4766d96cdf9dcf5a1e3caa3f3661cf1",
                "sha256:a4abaec6ca3ad8660690236d11bfe28dfd707778e2442b45addd2f086d6ef094",
                "sha256:a6e40afa7f45939ca356f348c8e23048e02cb109ced1eb8420961b2f40fb373a",
                "sha256:a6f2fcca746e8d5910e18782f976489939d54a91f9411c32051b4aab2bd7c513",
                "sha256:a806db027852538d2ad7555b203300173dd1b77ba116de92da9afbc3a3be3eed",
                "sha256:abcabc8c2b26036d62d4c746381a6f7cf60aafcc653198ad678306986b09450d",
                "sha256:b8526c6d437855442cdd3d87eede9c425c4445ea011ca38d937db299382e6fa3",
                "sha256:bb06feb762bade6bf3c8b844462274db0c76acc95c52abe8dbed28ae3d44a147",
                "sha256:c0a33bc9f02c2b17c3ea382f91b4db0e6cde90b63b296422a939886a7a80de1c",
                "sha256:c4a549890a45f57f1ebf99c067a4ad0cb423a05544accaf2b065246827ed9603",
                "sha256:ca244fa73f50a800cf8c3ebf7fd93149ec37f5cb9596aa8873ae2c1d23498601",
                "sha256:cf877ab4ed6e302ec1d04952ca358b381a882fbd9d1b07cccbfd61783561f98a",
                "sha256:d9d971ec1e79906046aa3ca266de79eac42f1dbf3612a05dc9368125952bd1a1",
                "sha256:da25303d91526aac3672ee6d49a2f3db2d9502a4a60b55519feb1a4c7714e07d",
                "sha256:e55e40ff0cc8cc5c07996915ad367fa47da6b3fc091fdadca7f5403239c5fec3",
                "sha256:f03a532d7dee1bed20bc4884194a16160a2de9ffc6354b3878ec9682bb623c54",
                "sha256:f1cd098434e83e656abf198f103a8207a8187c0fc110306691a2e94a78d0abb2",
                "sha256:f2bfb563d0211ce16b63c7cb9395d2c682a23187f54c3d79bfec33e6705473c6",
                "sha256:f8ffb705ffcf5ddd0e80b65ddf7bed7ee4f5a441ea7d3419e861a12eaf41af58"
            ],
            "markers": "python_version >= '3.7'",
            "version": "==2.1.2"
        },
        "mypy-extensions": {
            "hashes": [
                "sha256:4392f6c0eb8a5668a69e23d168ffa70f0be9ccfd32b5cc2d26a34ae5b844552d",
                "sha256:75dbf8955dc00442a438fc4d0666508a9a97b6bd41aa2f0ffe9d2f2725af0782"
            ],
            "markers": "python_version >= '3.5'",
            "version": "==1.0.0"
        },
        "packaging": {
            "hashes": [
                "sha256:994793af429502c4ea2ebf6bf664629d07c1a9fe974af92966e4b8d2df7edc61",
                "sha256:a392980d2b6cffa644431898be54b0045151319d1e7ec34f0cfed48767dd334f"
            ],
            "markers": "python_version >= '3.7'",
            "version": "==23.1"
        },
        "pathspec": {
            "hashes": [
                "sha256:2798de800fa92780e33acca925945e9a19a133b715067cf165b8866c15a31687",
                "sha256:d8af70af76652554bd134c22b3e8a1cc46ed7d91edcdd721ef1a0c51a84a5293"
            ],
            "markers": "python_version >= '3.7'",
            "version": "==0.11.1"
        },
        "pdoc3": {
            "hashes": [
                "sha256:5f22e7bcb969006738e1aa4219c75a32f34c2d62d46dc9d2fb2d3e0b0287e4b7",
                "sha256:ba45d1ada1bd987427d2bf5cdec30b2631a3ff5fb01f6d0e77648a572ce6028b"
            ],
            "index": "pypi",
            "version": "==0.10.0"
        },
        "platformdirs": {
            "hashes": [
                "sha256:412dae91f52a6f84830f39a8078cecd0e866cb72294a5c66808e74d5e88d251f",
                "sha256:e2378146f1964972c03c085bb5662ae80b2b8c06226c54b2ff4aa9483e8a13a5"
            ],
            "markers": "python_version >= '3.7'",
            "version": "==3.5.1"
        },
        "pluggy": {
            "hashes": [
                "sha256:4224373bacce55f955a878bf9cfa763c1e360858e330072059e10bad68531159",
                "sha256:74134bbf457f031a36d68416e1509f34bd5ccc019f0bcc952c7b909d06b37bd3"
            ],
            "markers": "python_version >= '3.6'",
            "version": "==1.0.0"
        },
        "pyflakes": {
            "hashes": [
                "sha256:ec55bf7fe21fff7f1ad2f7da62363d749e2a470500eab1b555334b67aa1ef8cf",
                "sha256:ec8b276a6b60bd80defed25add7e439881c19e64850afd9b346283d4165fd0fd"
            ],
            "index": "pypi",
            "version": "==3.0.1"
        },
        "pytest": {
            "hashes": [
                "sha256:3799fa815351fea3a5e96ac7e503a96fa51cc9942c3753cda7651b93c1cfa362",
                "sha256:434afafd78b1d78ed0addf160ad2b77a30d35d4bdf8af234fe621919d9ed15e3"
            ],
            "index": "pypi",
            "version": "==7.3.1"
        },
        "pytest-cov": {
            "hashes": [
                "sha256:3904b13dfbfec47f003b8e77fd5b589cd11904a21ddf1ab38a64f204d6a10ef6",
                "sha256:6ba70b9e97e69fcc3fb45bfeab2d0a138fb65c4d0d6a41ef33983ad114be8c3a"
            ],
            "index": "pypi",
            "version": "==4.1.0"
        },
        "tomli": {
            "hashes": [
                "sha256:939de3e7a6161af0c887ef91b7d41a53e7c5a1ca976325f429cb46ea9bc30ecc",
                "sha256:de526c12914f0c550d15924c62d72abc48d6fe7364aa87328337a31007fe8a4f"
            ],
            "markers": "python_full_version < '3.11.0a7'",
            "version": "==2.0.1"
        },
        "typing-extensions": {
            "hashes": [
                "sha256:06006244c70ac8ee83fa8282cb188f697b8db25bc8b4df07be1873c43897060c",
                "sha256:3a8b36f13dd5fdc5d1b16fe317f5668545de77fa0b8e02006381fd49d731ab98"
            ],
            "markers": "python_version < '3.10'",
            "version": "==4.6.2"
        },
        "zipp": {
            "hashes": [
                "sha256:112929ad649da941c23de50f356a2b5570c954b65150642bccdd66bf194d224b",
                "sha256:48904fc76a60e542af151aded95726c1a5c34ed43ab4134b597665c86d7ad556"
            ],
            "markers": "python_version >= '3.7'",
            "version": "==3.15.0"
        }
    }
}
