{
    "_meta": {
        "hash": {
            "sha256": "dedaadfc30c4fa6f56bcbd4065432be083c30dab7819dd74c2ebec721c39303f"
        },
        "pipfile-spec": 6,
        "requires": {
            "python_version": "3.8"
        },
        "sources": [
            {
                "name": "pypi",
                "url": "https://pypi.org/simple",
                "verify_ssl": true
            }
        ]
    },
    "default": {
        "gevent": {
            "hashes": [
                "sha256:272cffdf535978d59c38ed837916dfd2b5d193be1e9e5dcc60a5f4d5025dd98a",
                "sha256:2c7b5c9912378e5f5ccf180d1fdb1e83f42b71823483066eddbe10ef1a2fcaa2",
                "sha256:36a549d632c14684bcbbd3014a6ce2666c5f2a500f34d58d32df6c9ea38b6535",
                "sha256:4368f341a5f51611411ec3fc62426f52ac3d6d42eaee9ed0f9eebe715c80184e",
                "sha256:43daf68496c03a35287b8b617f9f91e0e7c0d042aebcc060cadc3f049aadd653",
                "sha256:455e5ee8103f722b503fa45dedb04f3ffdec978c1524647f8ba72b4f08490af1",
                "sha256:45792c45d60f6ce3d19651d7fde0bc13e01b56bb4db60d3f32ab7d9ec467374c",
                "sha256:4e24c2af9638d6c989caffc691a039d7c7022a31c0363da367c0d32ceb4a0648",
                "sha256:52b4abf28e837f1865a9bdeef58ff6afd07d1d888b70b6804557e7908032e599",
                "sha256:52e9f12cd1cda96603ce6b113d934f1aafb873e2c13182cf8e86d2c5c41982ea",
                "sha256:5f3c781c84794926d853d6fb58554dc0dcc800ba25c41d42f6959c344b4db5a6",
                "sha256:62d121344f7465e3739989ad6b91f53a6ca9110518231553fe5846dbe1b4518f",
                "sha256:65883ac026731ac112184680d1f0f1e39fa6f4389fd1fc0bf46cc1388e2599f9",
                "sha256:707904027d7130ff3e59ea387dddceedb133cc742b00b3ffe696d567147a9c9e",
                "sha256:72c002235390d46f94938a96920d8856d4ffd9ddf62a303a0d7c118894097e34",
                "sha256:7532c17bc6c1cbac265e751b95000961715adef35a25d2b0b1813aa7263fb397",
                "sha256:78eebaf5e73ff91d34df48f4e35581ab4c84e22dd5338ef32714264063c57507",
                "sha256:7c1abc6f25f475adc33e5fc2dbcc26a732608ac5375d0d306228738a9ae14d3b",
                "sha256:7c28e38dcde327c217fdafb9d5d17d3e772f636f35df15ffae2d933a5587addd",
                "sha256:7ccf0fd378257cb77d91c116e15c99e533374a8153632c48a3ecae7f7f4f09fe",
                "sha256:921dda1c0b84e3d3b1778efa362d61ed29e2b215b90f81d498eb4d8eafcd0b7a",
                "sha256:a2898b7048771917d85a1d548fd378e8a7b2ca963db8e17c6d90c76b495e0e2b",
                "sha256:a3c5e9b1f766a7a64833334a18539a362fb563f6c4682f9634dea72cbe24f771",
                "sha256:ada07076b380918829250201df1d016bdafb3acf352f35e5693b59dceee8dd2e",
                "sha256:b101086f109168b23fa3586fccd1133494bdb97f86920a24dc0b23984dc30b69",
                "sha256:bf456bd6b992eb0e1e869e2fd0caf817f0253e55ca7977fd0e72d0336a8c1c6a",
                "sha256:bf7af500da05363e66f122896012acb6e101a552682f2352b618e541c941a011",
                "sha256:c3e5d2fa532e4d3450595244de8ccf51f5721a05088813c1abd93ad274fe15e7",
                "sha256:c84d34256c243b0a53d4335ef0bc76c735873986d478c53073861a92566a8d71",
                "sha256:d163d59f1be5a4c4efcdd13c2177baaf24aadf721fdf2e1af9ee54a998d160f5",
                "sha256:d57737860bfc332b9b5aa438963986afe90f49645f6e053140cfa0fa1bdae1ae",
                "sha256:dbb22a9bbd6a13e925815ce70b940d1578dbe5d4013f20d23e8a11eddf8d14a7",
                "sha256:dcb8612787a7f4626aa881ff15ff25439561a429f5b303048f0fca8a1c781c39",
                "sha256:dd6c32ab977ecf7c7b8c2611ed95fa4aaebd69b74bf08f4b4960ad516861517d",
                "sha256:de350fde10efa87ea60d742901e1053eb2127ebd8b59a7d3b90597eb4e586599",
                "sha256:e1ead6863e596a8cc2a03e26a7a0981f84b6b3e956101135ff6d02df4d9a6b07",
                "sha256:ed7a048d3e526a5c1d55c44cb3bc06cfdc1947d06d45006cc4cf60dedc628904",
                "sha256:f632487c87866094546a74eefbca2c74c1d03638b715b6feb12e80120960185a",
                "sha256:fae8d5b5b8fa2a8f63b39f5447168b02db10c888a3e387ed7af2bd1b8612e543",
                "sha256:fde6402c5432b835fbb7698f1c7f2809c8d6b2bd9d047ac1f5a7c1d5aa569303"
            ],
            "markers": "python_version >= '3.8'",
            "version": "==23.9.1"
        },
        "greenlet": {
            "hashes": [
                "sha256:03a8f4f3430c3b3ff8d10a2a86028c660355ab637cee9333d63d66b56f09d52a",
                "sha256:0bf60faf0bc2468089bdc5edd10555bab6e85152191df713e2ab1fcc86382b5a",
                "sha256:1087300cf9700bbf455b1b97e24db18f2f77b55302a68272c56209d5587c12d1",
                "sha256:18a7f18b82b52ee85322d7a7874e676f34ab319b9f8cce5de06067384aa8ff43",
                "sha256:18e98fb3de7dba1c0a852731c3070cf022d14f0d68b4c87a19cc1016f3bb8b33",
                "sha256:1a819eef4b0e0b96bb0d98d797bef17dc1b4a10e8d7446be32d1da33e095dbb8",
                "sha256:26fbfce90728d82bc9e6c38ea4d038cba20b7faf8a0ca53a9c07b67318d46088",
                "sha256:2780572ec463d44c1d3ae850239508dbeb9fed38e294c68d19a24d925d9223ca",
                "sha256:283737e0da3f08bd637b5ad058507e578dd462db259f7f6e4c5c365ba4ee9343",
                "sha256:2d4686f195e32d36b4d7cf2d166857dbd0ee9f3d20ae349b6bf8afc8485b3645",
                "sha256:2dd11f291565a81d71dab10b7033395b7a3a5456e637cf997a6f33ebdf06f8db",
                "sha256:30bcf80dda7f15ac77ba5af2b961bdd9dbc77fd4ac6105cee85b0d0a5fcf74df",
                "sha256:32e5b64b148966d9cccc2c8d35a671409e45f195864560829f395a54226408d3",
                "sha256:36abbf031e1c0f79dd5d596bfaf8e921c41df2bdf54ee1eed921ce1f52999a86",
                "sha256:3a06ad5312349fec0ab944664b01d26f8d1f05009566339ac6f63f56589bc1a2",
                "sha256:3a51c9751078733d88e013587b108f1b7a1fb106d402fb390740f002b6f6551a",
                "sha256:3c9b12575734155d0c09d6c3e10dbd81665d5c18e1a7c6597df72fd05990c8cf",
                "sha256:3f6ea9bd35eb450837a3d80e77b517ea5bc56b4647f5502cd28de13675ee12f7",
                "sha256:4b58adb399c4d61d912c4c331984d60eb66565175cdf4a34792cd9600f21b394",
                "sha256:4d2e11331fc0c02b6e84b0d28ece3a36e0548ee1a1ce9ddde03752d9b79bba40",
                "sha256:5454276c07d27a740c5892f4907c86327b632127dd9abec42ee62e12427ff7e3",
                "sha256:561091a7be172ab497a3527602d467e2b3fbe75f9e783d8b8ce403fa414f71a6",
                "sha256:6c3acb79b0bfd4fe733dff8bc62695283b57949ebcca05ae5c129eb606ff2d74",
                "sha256:703f18f3fda276b9a916f0934d2fb6d989bf0b4fb5a64825260eb9bfd52d78f0",
                "sha256:7492e2b7bd7c9b9916388d9df23fa49d9b88ac0640db0a5b4ecc2b653bf451e3",
                "sha256:76ae285c8104046b3a7f06b42f29c7b73f77683df18c49ab5af7983994c2dd91",
                "sha256:7cafd1208fdbe93b67c7086876f061f660cfddc44f404279c1585bbf3cdc64c5",
                "sha256:7efde645ca1cc441d6dc4b48c0f7101e8d86b54c8530141b09fd31cef5149ec9",
                "sha256:8512a0c38cfd4e66a858ddd1b17705587900dd760c6003998e9472b77b56d417",
                "sha256:88d9ab96491d38a5ab7c56dd7a3cc37d83336ecc564e4e8816dbed12e5aaefc8",
                "sha256:8eab883b3b2a38cc1e050819ef06a7e6344d4a990d24d45bc6f2cf959045a45b",
                "sha256:910841381caba4f744a44bf81bfd573c94e10b3045ee00de0cbf436fe50673a6",
                "sha256:9190f09060ea4debddd24665d6804b995a9c122ef5917ab26e1566dcc712ceeb",
                "sha256:937e9020b514ceedb9c830c55d5c9872abc90f4b5862f89c0887033ae33c6f73",
                "sha256:94c817e84245513926588caf1152e3b559ff794d505555211ca041f032abbb6b",
                "sha256:971ce5e14dc5e73715755d0ca2975ac88cfdaefcaab078a284fea6cfabf866df",
                "sha256:9d14b83fab60d5e8abe587d51c75b252bcc21683f24699ada8fb275d7712f5a9",
                "sha256:9f35ec95538f50292f6d8f2c9c9f8a3c6540bbfec21c9e5b4b751e0a7c20864f",
                "sha256:a1846f1b999e78e13837c93c778dcfc3365902cfb8d1bdb7dd73ead37059f0d0",
                "sha256:acd2162a36d3de67ee896c43effcd5ee3de247eb00354db411feb025aa319857",
                "sha256:b0ef99cdbe2b682b9ccbb964743a6aca37905fda5e0452e5ee239b1654d37f2a",
                "sha256:b80f600eddddce72320dbbc8e3784d16bd3fb7b517e82476d8da921f27d4b249",
                "sha256:b864ba53912b6c3ab6bcb2beb19f19edd01a6bfcbdfe1f37ddd1778abfe75a30",
                "sha256:b9ec052b06a0524f0e35bd8790686a1da006bd911dd1ef7d50b77bfbad74e292",
                "sha256:ba2956617f1c42598a308a84c6cf021a90ff3862eddafd20c3333d50f0edb45b",
                "sha256:bdfea8c661e80d3c1c99ad7c3ff74e6e87184895bbaca6ee8cc61209f8b9b85d",
                "sha256:be4ed120b52ae4d974aa40215fcdfde9194d63541c7ded40ee12eb4dda57b76b",
                "sha256:c4302695ad8027363e96311df24ee28978162cdcdd2006476c43970b384a244c",
                "sha256:c48f54ef8e05f04d6eff74b8233f6063cb1ed960243eacc474ee73a2ea8573ca",
                "sha256:c9c59a2120b55788e800d82dfa99b9e156ff8f2227f07c5e3012a45a399620b7",
                "sha256:cd021c754b162c0fb55ad5d6b9d960db667faad0fa2ff25bb6e1301b0b6e6a75",
                "sha256:d27ec7509b9c18b6d73f2f5ede2622441de812e7b1a80bbd446cb0633bd3d5ae",
                "sha256:d4606a527e30548153be1a9f155f4e283d109ffba663a15856089fb55f933e47",
                "sha256:d5508f0b173e6aa47273bdc0a0b5ba055b59662ba7c7ee5119528f466585526b",
                "sha256:d75209eed723105f9596807495d58d10b3470fa6732dd6756595e89925ce2470",
                "sha256:d967650d3f56af314b72df7089d96cda1083a7fc2da05b375d2bc48c82ab3f3c",
                "sha256:db1a39669102a1d8d12b57de2bb7e2ec9066a6f2b3da35ae511ff93b01b5d564",
                "sha256:dbfcfc0218093a19c252ca8eb9aee3d29cfdcb586df21049b9d777fd32c14fd9",
                "sha256:e0f72c9ddb8cd28532185f54cc1453f2c16fb417a08b53a855c4e6a418edd099",
                "sha256:e7c8dc13af7db097bed64a051d2dd49e9f0af495c26995c00a9ee842690d34c0",
                "sha256:ea9872c80c132f4663822dd2a08d404073a5a9b5ba6155bea72fb2a79d1093b5",
                "sha256:eff4eb9b7eb3e4d0cae3d28c283dc16d9bed6b193c2e1ace3ed86ce48ea8df19",
                "sha256:f82d4d717d8ef19188687aa32b8363e96062911e63ba22a0cff7802a8e58e5f1",
                "sha256:fc3a569657468b6f3fb60587e48356fe512c1754ca05a564f11366ac9e306526"
            ],
            "markers": "python_version < '3.11' and platform_python_implementation == 'CPython'",
            "version": "==2.0.2"
        },
        "parallel-ssh": {
            "hashes": [
                "sha256:49979a0c6244a8bbd05cfba7d8666e719ad5b539b9e34a45a6df2c6f075f7295",
                "sha256:be2c06ee8765273d204e00f82afae2dace5eebaefc5343d1dfc64513642161e0"
            ],
            "index": "pypi",
            "version": "==2.12.0"
        },
        "setuptools": {
            "hashes": [
                "sha256:4ac1475276d2f1c48684874089fefcd83bd7162ddaafb81fac866ba0db282a87",
                "sha256:b454a35605876da60632df1a60f736524eb73cc47bbc9f3f1ef1b644de74fd2a"
            ],
            "markers": "python_version >= '3.8'",
            "version": "==68.2.2"
        },
        "ssh-python": {
            "hashes": [
                "sha256:1abed03383d3c40e3a3687dfade03b881b055f29baeb3d3a4d60eb80580b01a8",
                "sha256:2566ffb2725a05e0b650ccf63b5d4f46fd5e47328d22d65f8111183e7dc4a62d",
                "sha256:26380e2f06ea8b4f79c6ada4b2016079c0f6d47752785dd129c914f9aeda23f4",
                "sha256:3259ce8cf7b2169abdaab117db466c06c6185db1a65b8e97fa5e475f1ec399fb",
                "sha256:364d3b075001d9a1e7d83a545e43cb28420171ddd779a286d4e267e52b9df2b7",
                "sha256:3af87fd53e314cef8cc65f00cd69a2b1aca84863028b161721800bb7e89526f2",
                "sha256:3d176c778f02b3066c608c119e94d5b8c3d0d211e83b363bee0bd0d78e0eaa56",
                "sha256:422140695d14796e9eb6f608365c37d5b780092ca6dbfedde9e6ffd15722f2b0",
                "sha256:43da4a16e88dccd54db4e2dac50e09ae424811a7d973a1a1f1c081ebec2a52bb",
                "sha256:54731a4c3c06968ff41fd72a62ac40c1aa163d4fb51c82a4367e74398c9968ae",
                "sha256:58f2fe1899add41d3954ae655caf09119491a468cc93b4575b199f29ecb4c49f",
                "sha256:5b695ff0561f16746b0d47f4a51cca205088a06a06c6d0ab29127b6f21bdf286",
                "sha256:6190ae4afedf0c35f84a1a5cd52c2b68935cd5c4b1330b491ca381006fa8fae6",
                "sha256:68bee3f5a657e657d6dcc94e1b6c9ec332fd5d59bf4976a54150b997a800bf68",
                "sha256:6cb934aaa0d8a89ecdc4d37f06d009a7bad50eea18fa3e9763193e85633669be",
                "sha256:6e36540aba6f3a7bc18cdb8321808f9b7ea3d551fad53069b0806189c9eab989",
                "sha256:82f77cd5d9ddedcc312c37a2848b9d76a0a6162c81f52a8051cc18b644b18b4f",
                "sha256:8e438710ffbf34f800e2c051091da478191c02a429abd49f565f82a0b149d01f",
                "sha256:92b95293395924953f537b732a3d8fa1aba7ddb26b2137be80f53111852fa289",
                "sha256:a50af7f32517cd4067b3e68b723ec5c4efbbde2fb92263cbf11d7da5eacd65b4",
                "sha256:a6ee326dc3767f28f58691d92ad4543ac8a2ebbac51aa49d6f6f448593cb6bf7",
                "sha256:ab7e01059b5a40c3de08a094b51a57ee23b41b1b0c52dc8f4a07e1524932778d",
                "sha256:b1bfa28c5b159ab804bc5b496819e5af8ebb7e5f6b442e8a87136296cebb172c",
                "sha256:c3d0fca290cb88d73c12d7fad162ad36d79beb32b4fb3e39de87cd37330404f5",
                "sha256:c51998b2ea7de00ef5ff557893df28d8b07c4392a31bccbb60e1142451b949df",
                "sha256:c56298bc06afa7986f76b1a5add539f462bc040c9c8bd9df1308a5b7b62af090",
                "sha256:c5985e71fee63d34ae15eb660cdf21c3ed4f712b2326c48d10be3c5a2bd1fa51",
                "sha256:c755afbe8ce3e926c80d8301f7bf6941781a2a1d497d3cb2692ea73bdf064f97",
                "sha256:c83f5f7f3ded106d1088f33bc8aba03ae60126baa767d91a9bb9dc0372d73bda",
                "sha256:cd56baaef157052755cfdbef718911a062e008cc59b267deb89952b269313995",
                "sha256:d8e386c137414d7ef3bbac939be37f5e2bd11d1f83c78274c1e68efe184bc5d2",
                "sha256:d8ebd8ebfad53f47c938634645c8b4b5870e444e190de90a0d5ceb5422a48fe1",
                "sha256:e73f5ea92e82c2a928ef9d01dee8e684713e1b08a97f9c7d583b34a4720658cb",
                "sha256:f44c1509fa26ad699de921e53347a86cef18796b5c8582d9a2cdd3e21cbd667a"
            ],
            "version": "==1.0.0"
        },
        "ssh2-python": {
            "hashes": [
                "sha256:016c2fb027bb8a1720b71cf144c423f8d1acfdfef4238ada47c8452c7c5273fd",
                "sha256:03ca21a64c1aa77763691de70ed29143b457fafc323a108bfeb4d249e1cca84f",
                "sha256:092c7f63c7ab8291748c7af8eb7809c81c53a761e9f4a8eecfc8705c92c636cb",
                "sha256:0f80a96dbffb34f09d84532178d7d24e404b0b313c76037a8b87187990ddddbd",
                "sha256:114b27c130144f6fad0fbc5d35e71d0a841059efd3f868b86b5443de89b208af",
                "sha256:161eebd09258fe7fe47652561cefca9116c0df3b1128e1514d10d3d97e4f1521",
                "sha256:190b1c1389206aed43b40a1351732c1d854578480a566d5f6b899587ff989c74",
                "sha256:1c3c2910976da579c337dbd2134601d462b7bd861772dcb6e6dbb298749d1fd9",
                "sha256:2593b1659f8551a06730579ad70390939f50094b71dc8acd9b86cba0d95ab5c0",
                "sha256:3270c77d24a35b1b52c312c42f14f0c27b013ab00cb8fdb67d4eb55e999b715a",
                "sha256:3771b58ae9944aff2aa86aadadc4f2dea174e3a30c8503bed022587bedd7e1c5",
                "sha256:489ae221149a1049bdda48f12bb99e20d51769ac67f7f0c65468f298f81c10c0",
                "sha256:50c1e9cdcf416e72934bf2af8faf977ea3836c98e248d4966606410b2a71f5de",
                "sha256:5fca1744fe977eec920d7fdfeb1a79dd3fe4747f9455fb0e76aaa02b2e2dee7a",
                "sha256:631375d2338aa373b9d2f2fe2af7ffc7c552845661a2c7456757b4c39c9ae15b",
                "sha256:6d52034fdb35872fb7082d0a325cb90e0dca41050bc1d7f65cf90b951d5f7caa",
                "sha256:6f288aef1ab4d1e8bbc8a38bcebc1b21849fa8448fb68e851b9ff136eab46da6",
                "sha256:743df09165bbfcf754c6faf8a5feba414605ed73a6eee79e323d525c60f0cb41",
                "sha256:8582b2965116435c35f9f2f3da4297eae8a5daea0fcebfdfd9388a9dfc5cd922",
                "sha256:93d9d7c48f7b729e9e0250b09dff5e712aab7df10718764f6ec00f88521b8a12",
                "sha256:99ee7e9aaaba60fc91ecb21d6233272bfa8acb7aec28b599eee9f374327e5f9c",
                "sha256:9b304bcda607935375eeb5caa8f798021174893de7ea1b72416ad28709793695",
                "sha256:aca4967a67a8fe4a4cabdac710065cca426e8200e5d426f6daae4c6a3a7e1921",
                "sha256:af89e80c3203e7829b24eea688eaf5c5e279071aed1882238b4f44ec2144e7c5",
                "sha256:b139b8b47e230750b5b3b2f9977a7af996e614e334565bce5bf70e018d6536c7",
                "sha256:b315b754392e3b3c3ac546f4d35acdedb174d104212242a6f4778695beda9bb7",
                "sha256:c5635f196a96bbe6d12b6cdb2f9d5fd464a0e82edca58f56391cc25aa61a4379",
                "sha256:c9abd88161ce5e40f08a3b0af2173acafc7b19dd3dd140ccbd7c0b40094e558f",
                "sha256:d1ba1b05256277c78f4d4e158c4b024427bda94761426b9b37e77a551cc85158",
                "sha256:dbbdaaedc094364ee5027942bc40d68d1c5f9da7ec4cccb615036309b980bd8b",
                "sha256:dc837e44189c9092af9af5ff25138a8efd05ad6fb10623c49039aa8f2f6ce03e",
                "sha256:ddcba606818f28719d25c4a14789cc9b88714385e26e52d45ce967068ed7ad83",
                "sha256:fc8f46d0d883d77462122a4cdb1dcff9a890923bd3525f061a2eb3563c7c5612"
            ],
            "version": "==1.0.0"
        },
        "zope.event": {
            "hashes": [
                "sha256:2832e95014f4db26c47a13fdaef84cef2f4df37e66b59d8f1f4a8f319a632c26",
                "sha256:bac440d8d9891b4068e2b5a2c5e2c9765a9df762944bda6955f96bb9b91e67cd"
            ],
            "markers": "python_version >= '3.7'",
            "version": "==5.0"
        },
        "zope.interface": {
            "hashes": [
                "sha256:042f2381118b093714081fd82c98e3b189b68db38ee7d35b63c327c470ef8373",
                "sha256:0ec9653825f837fbddc4e4b603d90269b501486c11800d7c761eee7ce46d1bbb",
                "sha256:12175ca6b4db7621aedd7c30aa7cfa0a2d65ea3a0105393e05482d7a2d367446",
                "sha256:1592f68ae11e557b9ff2bc96ac8fc30b187e77c45a3c9cd876e3368c53dc5ba8",
                "sha256:23ac41d52fd15dd8be77e3257bc51bbb82469cf7f5e9a30b75e903e21439d16c",
                "sha256:424d23b97fa1542d7be882eae0c0fc3d6827784105264a8169a26ce16db260d8",
                "sha256:4407b1435572e3e1610797c9203ad2753666c62883b921318c5403fb7139dec2",
                "sha256:48f4d38cf4b462e75fac78b6f11ad47b06b1c568eb59896db5b6ec1094eb467f",
                "sha256:4c3d7dfd897a588ec27e391edbe3dd320a03684457470415870254e714126b1f",
                "sha256:5171eb073474a5038321409a630904fd61f12dd1856dd7e9d19cd6fe092cbbc5",
                "sha256:5a158846d0fca0a908c1afb281ddba88744d403f2550dc34405c3691769cdd85",
                "sha256:6ee934f023f875ec2cfd2b05a937bd817efcc6c4c3f55c5778cbf78e58362ddc",
                "sha256:790c1d9d8f9c92819c31ea660cd43c3d5451df1df61e2e814a6f99cebb292788",
                "sha256:809fe3bf1a91393abc7e92d607976bbb8586512913a79f2bf7d7ec15bd8ea518",
                "sha256:87b690bbee9876163210fd3f500ee59f5803e4a6607d1b1238833b8885ebd410",
                "sha256:89086c9d3490a0f265a3c4b794037a84541ff5ffa28bb9c24cc9f66566968464",
                "sha256:99856d6c98a326abbcc2363827e16bd6044f70f2ef42f453c0bd5440c4ce24e5",
                "sha256:aab584725afd10c710b8f1e6e208dbee2d0ad009f57d674cb9d1b3964037275d",
                "sha256:af169ba897692e9cd984a81cb0f02e46dacdc07d6cf9fd5c91e81f8efaf93d52",
                "sha256:b39b8711578dcfd45fc0140993403b8a81e879ec25d53189f3faa1f006087dca",
                "sha256:b3f543ae9d3408549a9900720f18c0194ac0fe810cecda2a584fd4dca2eb3bb8",
                "sha256:d0583b75f2e70ec93f100931660328965bb9ff65ae54695fb3fa0a1255daa6f2",
                "sha256:dfbbbf0809a3606046a41f8561c3eada9db811be94138f42d9135a5c47e75f6f",
                "sha256:e538f2d4a6ffb6edfb303ce70ae7e88629ac6e5581870e66c306d9ad7b564a58",
                "sha256:eba51599370c87088d8882ab74f637de0c4f04a6d08a312dce49368ba9ed5c2a",
                "sha256:ee4b43f35f5dc15e1fec55ccb53c130adb1d11e8ad8263d68b1284b66a04190d",
                "sha256:f2363e5fd81afb650085c6686f2ee3706975c54f331b426800b53531191fdf28",
                "sha256:f299c020c6679cb389814a3b81200fe55d428012c5e76da7e722491f5d205990",
                "sha256:f72f23bab1848edb7472309e9898603141644faec9fd57a823ea6b4d1c4c8995",
                "sha256:fa90bac61c9dc3e1a563e5babb3fd2c0c1c80567e815442ddbe561eadc803b30"
            ],
            "markers": "python_version >= '3.7'",
            "version": "==6.0"
        }
    },
    "develop": {
        "black": {
            "hashes": [
                "sha256:074458dc2f6e0d3dab7928d4417bb6957bb834434516f21514138437accdbe90",
                "sha256:187d96c5e713f441a5829e77120c269b6514418f4513a390b0499b0987f2ff1c",
                "sha256:2ea29072e954a4d55a2ff58971b83365eba5d3d357352a07a7a4df0d95f51c78",
                "sha256:4af5bc0e1f96be5ae9bd7aaec219c901a94d6caa2484c21983d043371c733fc4",
                "sha256:560558527e52ce8afba936fcce93a7411ab40c7d5fe8c2463e279e843c0328ee",
                "sha256:568ac3c465b1c8b34b61cd7a4e349e93f91abf0f9371eda1cf87194663ab684e",
                "sha256:6797f58943fceb1c461fb572edbe828d811e719c24e03375fd25170ada53825e",
                "sha256:6c1734ab264b8f7929cef8ae5f900b85d579e6cbfde09d7387da8f04771b51c6",
                "sha256:6c6d39e28aed379aec40da1c65434c77d75e65bb59a1e1c283de545fb4e7c6c9",
                "sha256:7ba9be198ecca5031cd78745780d65a3f75a34b2ff9be5837045dce55db83d1c",
                "sha256:94783f636bca89f11eb5d50437e8e17fbc6a929a628d82304c80fa9cd945f256",
                "sha256:a218d7e5856f91d20f04e931b6f16d15356db1c846ee55f01bac297a705ca24f",
                "sha256:a3db5b6409b96d9bd543323b23ef32a1a2b06416d525d27e0f67e74f1446c8f2",
                "sha256:ac609cf8ef5e7115ddd07d85d988d074ed00e10fbc3445aee393e70164a2219c",
                "sha256:b154e6bbde1e79ea3260c4b40c0b7b3109ffcdf7bc4ebf8859169a6af72cd70b",
                "sha256:b270a168d69edb8b7ed32c193ef10fd27844e5c60852039599f9184460ce0807",
                "sha256:b9fd45787ba8aa3f5e0a0a98920c1012c884622c6c920dbe98dbd05bc7c70fbf",
                "sha256:c85928b9d5f83b23cee7d0efcb310172412fbf7cb9d9ce963bd67fd141781def",
                "sha256:c9a3ac16efe9ec7d7381ddebcc022119794872abce99475345c5a61aa18c45ad",
                "sha256:cfaf3895a9634e882bf9d2363fed5af8888802d670f58b279b0bece00e9a872d",
                "sha256:e439798f819d49ba1c0bd9664427a05aab79bfba777a6db94fd4e56fae0cb849",
                "sha256:f586c26118bc6e714ec58c09df0157fe2d9ee195c764f630eb0d8e7ccce72e69",
                "sha256:f6fe02afde060bbeef044af7996f335fbe90b039ccf3f5eb8f16df8b20f77666"
            ],
            "index": "pypi",
            "version": "==22.6.0"
        },
        "click": {
            "hashes": [
                "sha256:ae74fb96c20a0277a1d615f1e4d73c8414f5a98db8b799a7931d1582f3390c28",
                "sha256:ca9853ad459e787e2192211578cc907e7594e294c7ccc834310722b41b9ca6de"
            ],
            "markers": "python_version >= '3.7'",
            "version": "==8.1.7"
        },
        "coverage": {
            "extras": [
                "toml"
            ],
            "hashes": [
                "sha256:025ded371f1ca280c035d91b43252adbb04d2aea4c7105252d3cbc227f03b375",
                "sha256:04312b036580ec505f2b77cbbdfb15137d5efdfade09156961f5277149f5e344",
                "sha256:0575c37e207bb9b98b6cf72fdaaa18ac909fb3d153083400c2d48e2e6d28bd8e",
                "sha256:07d156269718670d00a3b06db2288b48527fc5f36859425ff7cec07c6b367745",
                "sha256:1f111a7d85658ea52ffad7084088277135ec5f368457275fc57f11cebb15607f",
                "sha256:220eb51f5fb38dfdb7e5d54284ca4d0cd70ddac047d750111a68ab1798945194",
                "sha256:229c0dd2ccf956bf5aeede7e3131ca48b65beacde2029f0361b54bf93d36f45a",
                "sha256:245c5a99254e83875c7fed8b8b2536f040997a9b76ac4c1da5bff398c06e860f",
                "sha256:2829c65c8faaf55b868ed7af3c7477b76b1c6ebeee99a28f59a2cb5907a45760",
                "sha256:4aba512a15a3e1e4fdbfed2f5392ec221434a614cc68100ca99dcad7af29f3f8",
                "sha256:4c96dd7798d83b960afc6c1feb9e5af537fc4908852ef025600374ff1a017392",
                "sha256:50dd1e2dd13dbbd856ffef69196781edff26c800a74f070d3b3e3389cab2600d",
                "sha256:5289490dd1c3bb86de4730a92261ae66ea8d44b79ed3cc26464f4c2cde581fbc",
                "sha256:53669b79f3d599da95a0afbef039ac0fadbb236532feb042c534fbb81b1a4e40",
                "sha256:553d7094cb27db58ea91332e8b5681bac107e7242c23f7629ab1316ee73c4981",
                "sha256:586649ada7cf139445da386ab6f8ef00e6172f11a939fc3b2b7e7c9082052fa0",
                "sha256:5ae4c6da8b3d123500f9525b50bf0168023313963e0e2e814badf9000dd6ef92",
                "sha256:5b4ee7080878077af0afa7238df1b967f00dc10763f6e1b66f5cced4abebb0a3",
                "sha256:5d991e13ad2ed3aced177f524e4d670f304c8233edad3210e02c465351f785a0",
                "sha256:614f1f98b84eb256e4f35e726bfe5ca82349f8dfa576faabf8a49ca09e630086",
                "sha256:636a8ac0b044cfeccae76a36f3b18264edcc810a76a49884b96dd744613ec0b7",
                "sha256:6407424621f40205bbe6325686417e5e552f6b2dba3535dd1f90afc88a61d465",
                "sha256:6bc6f3f4692d806831c136c5acad5ccedd0262aa44c087c46b7101c77e139140",
                "sha256:6cb7fe1581deb67b782c153136541e20901aa312ceedaf1467dcb35255787952",
                "sha256:74bb470399dc1989b535cb41f5ca7ab2af561e40def22d7e188e0a445e7639e3",
                "sha256:75c8f0df9dfd8ff745bccff75867d63ef336e57cc22b2908ee725cc552689ec8",
                "sha256:770f143980cc16eb601ccfd571846e89a5fe4c03b4193f2e485268f224ab602f",
                "sha256:7eb0b188f30e41ddd659a529e385470aa6782f3b412f860ce22b2491c89b8593",
                "sha256:7eb3cd48d54b9bd0e73026dedce44773214064be93611deab0b6a43158c3d5a0",
                "sha256:87d38444efffd5b056fcc026c1e8d862191881143c3aa80bb11fcf9dca9ae204",
                "sha256:8a07b692129b8a14ad7a37941a3029c291254feb7a4237f245cfae2de78de037",
                "sha256:966f10df9b2b2115da87f50f6a248e313c72a668248be1b9060ce935c871f276",
                "sha256:a6191b3a6ad3e09b6cfd75b45c6aeeffe7e3b0ad46b268345d159b8df8d835f9",
                "sha256:aab8e9464c00da5cb9c536150b7fbcd8850d376d1151741dd0d16dfe1ba4fd26",
                "sha256:ac3c5b7e75acac31e490b7851595212ed951889918d398b7afa12736c85e13ce",
                "sha256:ac9ad38204887349853d7c313f53a7b1c210ce138c73859e925bc4e5d8fc18e7",
                "sha256:b9c0c19f70d30219113b18fe07e372b244fb2a773d4afde29d5a2f7930765136",
                "sha256:c397c70cd20f6df7d2a52283857af622d5f23300c4ca8e5bd8c7a543825baa5a",
                "sha256:c6601a60318f9c3945be6ea0f2a80571f4299b6801716f8a6e4846892737ebe4",
                "sha256:c6f55d38818ca9596dc9019eae19a47410d5322408140d9a0076001a3dcb938c",
                "sha256:ca70466ca3a17460e8fc9cea7123c8cbef5ada4be3140a1ef8f7b63f2f37108f",
                "sha256:ca833941ec701fda15414be400c3259479bfde7ae6d806b69e63b3dc423b1832",
                "sha256:cd0f7429ecfd1ff597389907045ff209c8fdb5b013d38cfa7c60728cb484b6e3",
                "sha256:cd694e19c031733e446c8024dedd12a00cda87e1c10bd7b8539a87963685e969",
                "sha256:cdd088c00c39a27cfa5329349cc763a48761fdc785879220d54eb785c8a38520",
                "sha256:de30c1aa80f30af0f6b2058a91505ea6e36d6535d437520067f525f7df123887",
                "sha256:defbbb51121189722420a208957e26e49809feafca6afeef325df66c39c4fdb3",
                "sha256:f09195dda68d94a53123883de75bb97b0e35f5f6f9f3aa5bf6e496da718f0cb6",
                "sha256:f12d8b11a54f32688b165fd1a788c408f927b0960984b899be7e4c190ae758f1",
                "sha256:f1a317fdf5c122ad642db8a97964733ab7c3cf6009e1a8ae8821089993f175ff",
                "sha256:f2781fd3cabc28278dc982a352f50c81c09a1a500cc2086dc4249853ea96b981",
                "sha256:f4f456590eefb6e1b3c9ea6328c1e9fa0f1006e7481179d749b3376fc793478e"
            ],
            "markers": "python_version >= '3.8'",
            "version": "==7.3.1"
        },
        "exceptiongroup": {
            "hashes": [
                "sha256:097acd85d473d75af5bb98e41b61ff7fe35efe6675e4f9370ec6ec5126d160e9",
                "sha256:343280667a4585d195ca1cf9cef84a4e178c4b6cf2274caef9859782b567d5e3"
            ],
            "markers": "python_version < '3.11'",
            "version": "==1.1.3"
        },
        "importlib-metadata": {
            "hashes": [
                "sha256:3ebb78df84a805d7698245025b975d9d67053cd94c79245ba4b3eb694abe68bb",
                "sha256:dbace7892d8c0c4ac1ad096662232f831d4e64f4c4545bd53016a3e9d4654743"
            ],
            "markers": "python_version < '3.10'",
            "version": "==6.8.0"
        },
        "iniconfig": {
            "hashes": [
                "sha256:2d91e135bf72d31a410b17c16da610a82cb55f6b0477d1a902134b24a455b8b3",
                "sha256:b6a85871a79d2e3b22d2d1b94ac2824226a63c6b741c88f7ae975f18b6778374"
            ],
            "markers": "python_version >= '3.7'",
            "version": "==2.0.0"
        },
        "mako": {
            "hashes": [
                "sha256:c97c79c018b9165ac9922ae4f32da095ffd3c4e6872b45eded42926deea46818",
                "sha256:d60a3903dc3bb01a18ad6a89cdbe2e4eadc69c0bc8ef1e3773ba53d44c3f7a34"
            ],
            "markers": "python_version >= '3.7'",
            "version": "==1.2.4"
        },
        "markdown": {
            "hashes": [
                "sha256:225c6123522495d4119a90b3a3ba31a1e87a70369e03f14799ea9c0d7183a3d6",
                "sha256:a4c1b65c0957b4bd9e7d86ddc7b3c9868fb9670660f6f99f6d1bca8954d5a941"
            ],
            "markers": "python_version >= '3.7'",
            "version": "==3.4.4"
        },
        "markupsafe": {
            "hashes": [
                "sha256:05fb21170423db021895e1ea1e1f3ab3adb85d1c2333cbc2310f2a26bc77272e",
                "sha256:0a4e4a1aff6c7ac4cd55792abf96c915634c2b97e3cc1c7129578aa68ebd754e",
                "sha256:10bbfe99883db80bdbaff2dcf681dfc6533a614f700da1287707e8a5d78a8431",
                "sha256:134da1eca9ec0ae528110ccc9e48041e0828d79f24121a1a146161103c76e686",
                "sha256:14ff806850827afd6b07a5f32bd917fb7f45b046ba40c57abdb636674a8b559c",
                "sha256:1577735524cdad32f9f694208aa75e422adba74f1baee7551620e43a3141f559",
                "sha256:1b40069d487e7edb2676d3fbdb2b0829ffa2cd63a2ec26c4938b2d34391b4ecc",
                "sha256:1b8dd8c3fd14349433c79fa8abeb573a55fc0fdd769133baac1f5e07abf54aeb",
                "sha256:1f67c7038d560d92149c060157d623c542173016c4babc0c1913cca0564b9939",
                "sha256:282c2cb35b5b673bbcadb33a585408104df04f14b2d9b01d4c345a3b92861c2c",
                "sha256:2c1b19b3aaacc6e57b7e25710ff571c24d6c3613a45e905b1fde04d691b98ee0",
                "sha256:2ef12179d3a291be237280175b542c07a36e7f60718296278d8593d21ca937d4",
                "sha256:338ae27d6b8745585f87218a3f23f1512dbf52c26c28e322dbe54bcede54ccb9",
                "sha256:3c0fae6c3be832a0a0473ac912810b2877c8cb9d76ca48de1ed31e1c68386575",
                "sha256:3fd4abcb888d15a94f32b75d8fd18ee162ca0c064f35b11134be77050296d6ba",
                "sha256:42de32b22b6b804f42c5d98be4f7e5e977ecdd9ee9b660fda1a3edf03b11792d",
                "sha256:47d4f1c5f80fc62fdd7777d0d40a2e9dda0a05883ab11374334f6c4de38adffd",
                "sha256:504b320cd4b7eff6f968eddf81127112db685e81f7e36e75f9f84f0df46041c3",
                "sha256:525808b8019e36eb524b8c68acdd63a37e75714eac50e988180b169d64480a00",
                "sha256:56d9f2ecac662ca1611d183feb03a3fa4406469dafe241673d521dd5ae92a155",
                "sha256:5bbe06f8eeafd38e5d0a4894ffec89378b6c6a625ff57e3028921f8ff59318ac",
                "sha256:65c1a9bcdadc6c28eecee2c119465aebff8f7a584dd719facdd9e825ec61ab52",
                "sha256:68e78619a61ecf91e76aa3e6e8e33fc4894a2bebe93410754bd28fce0a8a4f9f",
                "sha256:69c0f17e9f5a7afdf2cc9fb2d1ce6aabdb3bafb7f38017c0b77862bcec2bbad8",
                "sha256:6b2b56950d93e41f33b4223ead100ea0fe11f8e6ee5f641eb753ce4b77a7042b",
                "sha256:715d3562f79d540f251b99ebd6d8baa547118974341db04f5ad06d5ea3eb8007",
                "sha256:787003c0ddb00500e49a10f2844fac87aa6ce977b90b0feaaf9de23c22508b24",
                "sha256:7ef3cb2ebbf91e330e3bb937efada0edd9003683db6b57bb108c4001f37a02ea",
                "sha256:8023faf4e01efadfa183e863fefde0046de576c6f14659e8782065bcece22198",
                "sha256:8758846a7e80910096950b67071243da3e5a20ed2546e6392603c096778d48e0",
                "sha256:8afafd99945ead6e075b973fefa56379c5b5c53fd8937dad92c662da5d8fd5ee",
                "sha256:8c41976a29d078bb235fea9b2ecd3da465df42a562910f9022f1a03107bd02be",
                "sha256:8e254ae696c88d98da6555f5ace2279cf7cd5b3f52be2b5cf97feafe883b58d2",
                "sha256:8f9293864fe09b8149f0cc42ce56e3f0e54de883a9de90cd427f191c346eb2e1",
                "sha256:9402b03f1a1b4dc4c19845e5c749e3ab82d5078d16a2a4c2cd2df62d57bb0707",
                "sha256:962f82a3086483f5e5f64dbad880d31038b698494799b097bc59c2edf392fce6",
                "sha256:9aad3c1755095ce347e26488214ef77e0485a3c34a50c5a5e2471dff60b9dd9c",
                "sha256:9dcdfd0eaf283af041973bff14a2e143b8bd64e069f4c383416ecd79a81aab58",
                "sha256:aa57bd9cf8ae831a362185ee444e15a93ecb2e344c8e52e4d721ea3ab6ef1823",
                "sha256:aa7bd130efab1c280bed0f45501b7c8795f9fdbeb02e965371bbef3523627779",
                "sha256:ab4a0df41e7c16a1392727727e7998a467472d0ad65f3ad5e6e765015df08636",
                "sha256:ad9e82fb8f09ade1c3e1b996a6337afac2b8b9e365f926f5a61aacc71adc5b3c",
                "sha256:af598ed32d6ae86f1b747b82783958b1a4ab8f617b06fe68795c7f026abbdcad",
                "sha256:b076b6226fb84157e3f7c971a47ff3a679d837cf338547532ab866c57930dbee",
                "sha256:b7ff0f54cb4ff66dd38bebd335a38e2c22c41a8ee45aa608efc890ac3e3931bc",
                "sha256:bfce63a9e7834b12b87c64d6b155fdd9b3b96191b6bd334bf37db7ff1fe457f2",
                "sha256:c011a4149cfbcf9f03994ec2edffcb8b1dc2d2aede7ca243746df97a5d41ce48",
                "sha256:c9c804664ebe8f83a211cace637506669e7890fec1b4195b505c214e50dd4eb7",
                "sha256:ca379055a47383d02a5400cb0d110cef0a776fc644cda797db0c5696cfd7e18e",
                "sha256:cb0932dc158471523c9637e807d9bfb93e06a95cbf010f1a38b98623b929ef2b",
                "sha256:cd0f502fe016460680cd20aaa5a76d241d6f35a1c3350c474bac1273803893fa",
                "sha256:ceb01949af7121f9fc39f7d27f91be8546f3fb112c608bc4029aef0bab86a2a5",
                "sha256:d080e0a5eb2529460b30190fcfcc4199bd7f827663f858a226a81bc27beaa97e",
                "sha256:dd15ff04ffd7e05ffcb7fe79f1b98041b8ea30ae9234aed2a9168b5797c3effb",
                "sha256:df0be2b576a7abbf737b1575f048c23fb1d769f267ec4358296f31c2479db8f9",
                "sha256:e09031c87a1e51556fdcb46e5bd4f59dfb743061cf93c4d6831bf894f125eb57",
                "sha256:e4dd52d80b8c83fdce44e12478ad2e85c64ea965e75d66dbeafb0a3e77308fcc",
                "sha256:f698de3fd0c4e6972b92290a45bd9b1536bffe8c6759c62471efaa8acb4c37bc",
                "sha256:fec21693218efe39aa7f8599346e90c705afa52c5b31ae019b2e57e8f6542bb2",
                "sha256:ffcc3f7c66b5f5b7931a5aa68fc9cecc51e685ef90282f4a82f0f5e9b704ad11"
            ],
            "markers": "python_version >= '3.7'",
            "version": "==2.1.3"
        },
        "mypy-extensions": {
            "hashes": [
                "sha256:4392f6c0eb8a5668a69e23d168ffa70f0be9ccfd32b5cc2d26a34ae5b844552d",
                "sha256:75dbf8955dc00442a438fc4d0666508a9a97b6bd41aa2f0ffe9d2f2725af0782"
            ],
            "markers": "python_version >= '3.5'",
            "version": "==1.0.0"
        },
        "packaging": {
            "hashes": [
                "sha256:048fb0e9405036518eaaf48a55953c750c11e1a1b68e0dd1a9d62ed0c092cfc5",
                "sha256:8c491190033a9af7e1d931d0b5dacc2ef47509b34dd0de67ed209b5203fc88c7"
            ],
            "markers": "python_version >= '3.7'",
            "version": "==23.2"
        },
        "pathspec": {
            "hashes": [
                "sha256:1d6ed233af05e679efb96b1851550ea95bbb64b7c490b0f5aa52996c11e92a20",
                "sha256:e0d8d0ac2f12da61956eb2306b69f9469b42f4deb0f3cb6ed47b9cce9996ced3"
            ],
            "markers": "python_version >= '3.7'",
            "version": "==0.11.2"
        },
        "pdoc3": {
            "hashes": [
                "sha256:5f22e7bcb969006738e1aa4219c75a32f34c2d62d46dc9d2fb2d3e0b0287e4b7",
                "sha256:ba45d1ada1bd987427d2bf5cdec30b2631a3ff5fb01f6d0e77648a572ce6028b"
            ],
            "index": "pypi",
            "version": "==0.10.0"
        },
        "platformdirs": {
            "hashes": [
                "sha256:b45696dab2d7cc691a3226759c0d3b00c47c8b6e293d96f6436f733303f77f6d",
                "sha256:d7c24979f292f916dc9cbf8648319032f551ea8c49a4c9bf2fb556a02070ec1d"
            ],
            "markers": "python_version >= '3.7'",
            "version": "==3.10.0"
        },
        "pluggy": {
            "hashes": [
                "sha256:cf61ae8f126ac6f7c451172cf30e3e43d3ca77615509771b3a984a0730651e12",
                "sha256:d89c696a773f8bd377d18e5ecda92b7a3793cbe66c87060a6fb58c7b6e1061f7"
            ],
            "markers": "python_version >= '3.8'",
            "version": "==1.3.0"
        },
        "pyflakes": {
            "hashes": [
                "sha256:4132f6d49cb4dae6819e5379898f2b8cce3c5f23994194c24b77d5da2e36f774",
                "sha256:a0aae034c444db0071aa077972ba4768d40c830d9539fd45bf4cd3f8f6992efc"
            ],
            "index": "pypi",
            "version": "==3.1.0"
        },
        "pytest": {
            "hashes": [
                "sha256:1d881c6124e08ff0a1bb75ba3ec0bfd8b5354a01c194ddd5a0a870a48d99b002",
                "sha256:a766259cfab564a2ad52cb1aae1b881a75c3eb7e34ca3779697c23ed47c47069"
            ],
            "index": "pypi",
            "version": "==7.4.2"
        },
        "pytest-cov": {
            "hashes": [
                "sha256:3904b13dfbfec47f003b8e77fd5b589cd11904a21ddf1ab38a64f204d6a10ef6",
                "sha256:6ba70b9e97e69fcc3fb45bfeab2d0a138fb65c4d0d6a41ef33983ad114be8c3a"
            ],
            "index": "pypi",
            "version": "==4.1.0"
        },
        "tomli": {
            "hashes": [
                "sha256:939de3e7a6161af0c887ef91b7d41a53e7c5a1ca976325f429cb46ea9bc30ecc",
                "sha256:de526c12914f0c550d15924c62d72abc48d6fe7364aa87328337a31007fe8a4f"
            ],
            "markers": "python_full_version < '3.11.0a7'",
            "version": "==2.0.1"
        },
        "typing-extensions": {
            "hashes": [
                "sha256:8f92fc8806f9a6b641eaa5318da32b44d401efaac0f6678c9bc448ba3605faa0",
                "sha256:df8e4339e9cb77357558cbdbceca33c303714cf861d1eef15e1070055ae8b7ef"
            ],
            "markers": "python_version < '3.10'",
            "version": "==4.8.0"
        },
        "zipp": {
            "hashes": [
                "sha256:0e923e726174922dce09c53c59ad483ff7bbb8e572e00c7f7c46b88556409f31",
                "sha256:84e64a1c28cf7e91ed2078bb8cc8c259cb19b76942096c8d7b84947690cabaf0"
            ],
            "markers": "python_version >= '3.8'",
            "version": "==3.17.0"
        }
    }
}
